
Microsoft Visual Studio Solution File, Format Version 12.00
# Visual Studio Version 16
VisualStudioVersion = 16.0.29920.165
MinimumVisualStudioVersion = 10.0.40219.1
Project("{9A19103F-16F7-4668-BE54-9A1E7A4F7556}") = "OneHundredDaysCode", "OneHundredDaysCode\OneHundredDaysCode.csproj", "{20333B85-63F4-4AF9-AF30-D0AA59BE967C}"
EndProject
Project("{FAE04EC0-301F-11D3-BF4B-00C04F79EFBC}") = "TypesInCSharp", "TypesInCSharp\TypesInCSharp.csproj", "{49C96B45-A864-41DA-9387-1D03227406A7}"
EndProject
Project("{FAE04EC0-301F-11D3-BF4B-00C04F79EFBC}") = "SOLID", "SOLID\SOLID.csproj", "{5EC465A0-C8A7-4039-BF65-5A00E2E3A69D}"
EndProject
Project("{9A19103F-16F7-4668-BE54-9A1E7A4F7556}") = "OOP Example", "OOP Example\OOP Example.csproj", "{7388536F-8C45-4AF6-9FBC-11CE5095A9E2}"
EndProject
Project("{9A19103F-16F7-4668-BE54-9A1E7A4F7556}") = "DesignPatterns", "DesignPatterns\DesignPatterns.csproj", "{B075F8FA-6FDB-416A-AD4B-9476BF2E18A1}"
EndProject
Project("{9A19103F-16F7-4668-BE54-9A1E7A4F7556}") = "ConceitosCSharp", "ConceitosCSharp\ConceitosCSharp.csproj", "{264C4148-46B4-4C10-8E39-83CE0254A33D}"
EndProject
Project("{FAE04EC0-301F-11D3-BF4B-00C04F79EFBC}") = "ExemploCSharpWindowsForms", "ExemploCSharpWindowsForms\ExemploCSharpWindowsForms.csproj", "{62355542-A346-417A-B4E7-25CD622DAFC7}"
EndProject
Project("{2150E333-8FDC-42A3-9474-1A3956D46DE8}") = "Conceios DesignerPattern", "Conceios DesignerPattern", "{362F75E4-096E-4A41-A351-7AC1F9F314C7}"
EndProject
Project("{9A19103F-16F7-4668-BE54-9A1E7A4F7556}") = "ExampleSOLID", "ExampleSOLID\ExampleSOLID.csproj", "{88DAEEFB-D9A2-4DD0-8273-9CB0D8D06F6C}"
EndProject
Project("{9A19103F-16F7-4668-BE54-9A1E7A4F7556}") = "Strategy", "Strategy\Strategy.csproj", "{33B65D3F-AB45-44A6-B4B4-27E4F8DCE58A}"
EndProject
Project("{9A19103F-16F7-4668-BE54-9A1E7A4F7556}") = "ParallelProcessing", "ParallelProcessing\ParallelProcessing.csproj", "{1BF08204-D5C3-41D4-A103-4FDE534778F3}"
EndProject
Project("{FAE04EC0-301F-11D3-BF4B-00C04F79EFBC}") = "WorkXml", "WorkXml\WorkXml.csproj", "{FB91CB1F-2600-4703-A510-E38D4905C0E0}"
EndProject
Global
	GlobalSection(SolutionConfigurationPlatforms) = preSolution
		Debug|Any CPU = Debug|Any CPU
		Release|Any CPU = Release|Any CPU
	EndGlobalSection
	GlobalSection(ProjectConfigurationPlatforms) = postSolution
		{20333B85-63F4-4AF9-AF30-D0AA59BE967C}.Debug|Any CPU.ActiveCfg = Debug|Any CPU
		{20333B85-63F4-4AF9-AF30-D0AA59BE967C}.Debug|Any CPU.Build.0 = Debug|Any CPU
		{20333B85-63F4-4AF9-AF30-D0AA59BE967C}.Release|Any CPU.ActiveCfg = Release|Any CPU
		{20333B85-63F4-4AF9-AF30-D0AA59BE967C}.Release|Any CPU.Build.0 = Release|Any CPU
		{49C96B45-A864-41DA-9387-1D03227406A7}.Debug|Any CPU.ActiveCfg = Debug|Any CPU
		{49C96B45-A864-41DA-9387-1D03227406A7}.Debug|Any CPU.Build.0 = Debug|Any CPU
		{49C96B45-A864-41DA-9387-1D03227406A7}.Release|Any CPU.ActiveCfg = Release|Any CPU
		{49C96B45-A864-41DA-9387-1D03227406A7}.Release|Any CPU.Build.0 = Release|Any CPU
		{5EC465A0-C8A7-4039-BF65-5A00E2E3A69D}.Debug|Any CPU.ActiveCfg = Debug|Any CPU
		{5EC465A0-C8A7-4039-BF65-5A00E2E3A69D}.Debug|Any CPU.Build.0 = Debug|Any CPU
		{5EC465A0-C8A7-4039-BF65-5A00E2E3A69D}.Release|Any CPU.ActiveCfg = Release|Any CPU
		{5EC465A0-C8A7-4039-BF65-5A00E2E3A69D}.Release|Any CPU.Build.0 = Release|Any CPU
		{7388536F-8C45-4AF6-9FBC-11CE5095A9E2}.Debug|Any CPU.ActiveCfg = Debug|Any CPU
		{7388536F-8C45-4AF6-9FBC-11CE5095A9E2}.Debug|Any CPU.Build.0 = Debug|Any CPU
		{7388536F-8C45-4AF6-9FBC-11CE5095A9E2}.Release|Any CPU.ActiveCfg = Release|Any CPU
		{7388536F-8C45-4AF6-9FBC-11CE5095A9E2}.Release|Any CPU.Build.0 = Release|Any CPU
		{B075F8FA-6FDB-416A-AD4B-9476BF2E18A1}.Debug|Any CPU.ActiveCfg = Debug|Any CPU
		{B075F8FA-6FDB-416A-AD4B-9476BF2E18A1}.Debug|Any CPU.Build.0 = Debug|Any CPU
		{B075F8FA-6FDB-416A-AD4B-9476BF2E18A1}.Release|Any CPU.ActiveCfg = Release|Any CPU
		{B075F8FA-6FDB-416A-AD4B-9476BF2E18A1}.Release|Any CPU.Build.0 = Release|Any CPU
		{264C4148-46B4-4C10-8E39-83CE0254A33D}.Debug|Any CPU.ActiveCfg = Debug|Any CPU
		{264C4148-46B4-4C10-8E39-83CE0254A33D}.Debug|Any CPU.Build.0 = Debug|Any CPU
		{264C4148-46B4-4C10-8E39-83CE0254A33D}.Release|Any CPU.ActiveCfg = Release|Any CPU
		{264C4148-46B4-4C10-8E39-83CE0254A33D}.Release|Any CPU.Build.0 = Release|Any CPU
		{62355542-A346-417A-B4E7-25CD622DAFC7}.Debug|Any CPU.ActiveCfg = Debug|Any CPU
		{62355542-A346-417A-B4E7-25CD622DAFC7}.Debug|Any CPU.Build.0 = Debug|Any CPU
		{62355542-A346-417A-B4E7-25CD622DAFC7}.Release|Any CPU.ActiveCfg = Release|Any CPU
		{62355542-A346-417A-B4E7-25CD622DAFC7}.Release|Any CPU.Build.0 = Release|Any CPU
		{88DAEEFB-D9A2-4DD0-8273-9CB0D8D06F6C}.Debug|Any CPU.ActiveCfg = Debug|Any CPU
		{88DAEEFB-D9A2-4DD0-8273-9CB0D8D06F6C}.Debug|Any CPU.Build.0 = Debug|Any CPU
		{88DAEEFB-D9A2-4DD0-8273-9CB0D8D06F6C}.Release|Any CPU.ActiveCfg = Release|Any CPU
		{88DAEEFB-D9A2-4DD0-8273-9CB0D8D06F6C}.Release|Any CPU.Build.0 = Release|Any CPU
		{33B65D3F-AB45-44A6-B4B4-27E4F8DCE58A}.Debug|Any CPU.ActiveCfg = Debug|Any CPU
		{33B65D3F-AB45-44A6-B4B4-27E4F8DCE58A}.Debug|Any CPU.Build.0 = Debug|Any CPU
		{33B65D3F-AB45-44A6-B4B4-27E4F8DCE58A}.Release|Any CPU.ActiveCfg = Release|Any CPU
		{33B65D3F-AB45-44A6-B4B4-27E4F8DCE58A}.Release|Any CPU.Build.0 = Release|Any CPU
		{1BF08204-D5C3-41D4-A103-4FDE534778F3}.Debug|Any CPU.ActiveCfg = Debug|Any CPU
		{1BF08204-D5C3-41D4-A103-4FDE534778F3}.Debug|Any CPU.Build.0 = Debug|Any CPU
		{1BF08204-D5C3-41D4-A103-4FDE534778F3}.Release|Any CPU.ActiveCfg = Release|Any CPU
		{1BF08204-D5C3-41D4-A103-4FDE534778F3}.Release|Any CPU.Build.0 = Release|Any CPU
		{FB91CB1F-2600-4703-A510-E38D4905C0E0}.Debug|Any CPU.ActiveCfg = Debug|Any CPU
		{FB91CB1F-2600-4703-A510-E38D4905C0E0}.Debug|Any CPU.Build.0 = Debug|Any CPU
		{FB91CB1F-2600-4703-A510-E38D4905C0E0}.Release|Any CPU.ActiveCfg = Release|Any CPU
		{FB91CB1F-2600-4703-A510-E38D4905C0E0}.Release|Any CPU.Build.0 = Release|Any CPU
	EndGlobalSection
	GlobalSection(SolutionProperties) = preSolution
		HideSolutionNode = FALSE
	EndGlobalSection
	GlobalSection(NestedProjects) = preSolution
		{88DAEEFB-D9A2-4DD0-8273-9CB0D8D06F6C} = {362F75E4-096E-4A41-A351-7AC1F9F314C7}
		{33B65D3F-AB45-44A6-B4B4-27E4F8DCE58A} = {362F75E4-096E-4A41-A351-7AC1F9F314C7}
	EndGlobalSection
	GlobalSection(ExtensibilityGlobals) = postSolution
		SolutionGuid = {B473C9DF-E890-42EA-B31C-82AE3EA537B7}
	EndGlobalSection
EndGlobal
